
Microsoft Visual Studio Solution File, Format Version 12.00
# Visual Studio Version 16
VisualStudioVersion = 16.0.29001.49
MinimumVisualStudioVersion = 10.0.40219.1
Project("{9A19103F-16F7-4668-BE54-9A1E7A4F7556}") = "Cell.Application.Api", "Cell.Application.Api\Cell.Application.Api.csproj", "{5BB580A0-400D-4D4E-AE8B-1EA23CDCCF4B}"
EndProject
Project("{9A19103F-16F7-4668-BE54-9A1E7A4F7556}") = "Cell.Model", "Cell.Model\Cell.Model.csproj", "{E4B8888E-252B-4B93-8681-D6EB4D86887A}"
EndProject
Project("{9A19103F-16F7-4668-BE54-9A1E7A4F7556}") = "Cell.Service", "Cell.Service\Cell.Service.csproj", "{C5DEF5A6-8BE3-43A0-B945-5E5ACA38CEB0}"
EndProject
Project("{9A19103F-16F7-4668-BE54-9A1E7A4F7556}") = "Cell.Common", "Cell.Common\Cell.Common.csproj", "{BC02E1BA-0D83-4ACB-87BF-CA8961F42E96}"
EndProject
Project("{9A19103F-16F7-4668-BE54-9A1E7A4F7556}") = "Cell.Helpers", "Cell.Helpers\Cell.Helpers.csproj", "{659DD20F-655E-4CDD-A6CD-D85E97894F69}"
EndProject
Global
	GlobalSection(SolutionConfigurationPlatforms) = preSolution
		Debug|Any CPU = Debug|Any CPU
		Release|Any CPU = Release|Any CPU
	EndGlobalSection
	GlobalSection(ProjectConfigurationPlatforms) = postSolution
		{5BB580A0-400D-4D4E-AE8B-1EA23CDCCF4B}.Debug|Any CPU.ActiveCfg = Debug|Any CPU
		{5BB580A0-400D-4D4E-AE8B-1EA23CDCCF4B}.Debug|Any CPU.Build.0 = Debug|Any CPU
		{5BB580A0-400D-4D4E-AE8B-1EA23CDCCF4B}.Release|Any CPU.ActiveCfg = Release|Any CPU
		{5BB580A0-400D-4D4E-AE8B-1EA23CDCCF4B}.Release|Any CPU.Build.0 = Release|Any CPU
		{E4B8888E-252B-4B93-8681-D6EB4D86887A}.Debug|Any CPU.ActiveCfg = Debug|Any CPU
		{E4B8888E-252B-4B93-8681-D6EB4D86887A}.Debug|Any CPU.Build.0 = Debug|Any CPU
		{E4B8888E-252B-4B93-8681-D6EB4D86887A}.Release|Any CPU.ActiveCfg = Release|Any CPU
		{E4B8888E-252B-4B93-8681-D6EB4D86887A}.Release|Any CPU.Build.0 = Release|Any CPU
		{C5DEF5A6-8BE3-43A0-B945-5E5ACA38CEB0}.Debug|Any CPU.ActiveCfg = Debug|Any CPU
		{C5DEF5A6-8BE3-43A0-B945-5E5ACA38CEB0}.Debug|Any CPU.Build.0 = Debug|Any CPU
		{C5DEF5A6-8BE3-43A0-B945-5E5ACA38CEB0}.Release|Any CPU.ActiveCfg = Release|Any CPU
		{C5DEF5A6-8BE3-43A0-B945-5E5ACA38CEB0}.Release|Any CPU.Build.0 = Release|Any CPU
		{BC02E1BA-0D83-4ACB-87BF-CA8961F42E96}.Debug|Any CPU.ActiveCfg = Debug|Any CPU
		{BC02E1BA-0D83-4ACB-87BF-CA8961F42E96}.Debug|Any CPU.Build.0 = Debug|Any CPU
		{BC02E1BA-0D83-4ACB-87BF-CA8961F42E96}.Release|Any CPU.ActiveCfg = Release|Any CPU
		{BC02E1BA-0D83-4ACB-87BF-CA8961F42E96}.Release|Any CPU.Build.0 = Release|Any CPU
		{659DD20F-655E-4CDD-A6CD-D85E97894F69}.Debug|Any CPU.ActiveCfg = Debug|Any CPU
		{659DD20F-655E-4CDD-A6CD-D85E97894F69}.Debug|Any CPU.Build.0 = Debug|Any CPU
		{659DD20F-655E-4CDD-A6CD-D85E97894F69}.Release|Any CPU.ActiveCfg = Release|Any CPU
		{659DD20F-655E-4CDD-A6CD-D85E97894F69}.Release|Any CPU.Build.0 = Release|Any CPU
	EndGlobalSection
	GlobalSection(SolutionProperties) = preSolution
		HideSolutionNode = FALSE
	EndGlobalSection
	GlobalSection(ExtensibilityGlobals) = postSolution
		SolutionGuid = {D380252F-91CC-4140-8F4E-87FD70D32817}
	EndGlobalSection
EndGlobal
